// !$*UTF8*$!
{
	archiveVersion = 1;
	classes = {
	};
	objectVersion = 54;
	objects = {

/* Begin PBXBuildFile section */
		0C80B921A6F3F58F76C31292 /* libPods-cityclubapp.a in Frameworks */ = {isa = PBXBuildFile; fileRef = 5DCACB8F33CDC322A6C60F78 /* libPods-cityclubapp.a */; };
		13B07FBF1A68108700A75B9A /* Images.xcassets in Resources */ = {isa = PBXBuildFile; fileRef = 13B07FB51A68108700A75B9A /* Images.xcassets */; };
		761780ED2CA45674006654EE /* AppDelegate.swift in Sources */ = {isa = PBXBuildFile; fileRef = 761780EC2CA45674006654EE /* AppDelegate.swift */; };
		81AB9BB82411601600AC10FF /* LaunchScreen.storyboard in Resources */ = {isa = PBXBuildFile; fileRef = 81AB9BB72411601600AC10FF /* LaunchScreen.storyboard */; };
		23F9141D4CC74BF1B85682E6 /* SFProDisplay-Black.otf in Resources */ = {isa = PBXBuildFile; fileRef = 9952037B86B846D9869A7DB6 /* SFProDisplay-Black.otf */; };
		1EBED4ACD0EC4983A746F408 /* SFProDisplay-Bold.otf in Resources */ = {isa = PBXBuildFile; fileRef = 63D9175B02484AF3B02AC9AB /* SFProDisplay-Bold.otf */; };
		3590AA9080434526A6B82F34 /* SFProDisplay-BoldItalic.otf in Resources */ = {isa = PBXBuildFile; fileRef = 39E8C8A8FF864A5FBCD37B6D /* SFProDisplay-BoldItalic.otf */; };
		6EF6CD13C52043E0AA98052F /* SFProDisplay-Heavy.otf in Resources */ = {isa = PBXBuildFile; fileRef = A1F6E375087F4E6890874BC8 /* SFProDisplay-Heavy.otf */; };
		417C815E38B34D419BBA1022 /* SFProDisplay-Italic.otf in Resources */ = {isa = PBXBuildFile; fileRef = 89949C856A4E47E496C1C5AE /* SFProDisplay-Italic.otf */; };
		A59AB5A38BFC4B25AEC52D6F /* SFProDisplay-Light.otf in Resources */ = {isa = PBXBuildFile; fileRef = 0FBB3F2405074C7180F544DF /* SFProDisplay-Light.otf */; };
		8221FA578231474AA691B2EC /* SFProDisplay-Medium.otf in Resources */ = {isa = PBXBuildFile; fileRef = F2FF314B735F49F0ABD68E48 /* SFProDisplay-Medium.otf */; };
		6BD0858DDD6B4D40A6F7C067 /* SFProDisplay-Regular.otf in Resources */ = {isa = PBXBuildFile; fileRef = BB9A39A3916A4E9880327357 /* SFProDisplay-Regular.otf */; };
		8D07DB094AF74040A2687726 /* SFProDisplay-Semibold.otf in Resources */ = {isa = PBXBuildFile; fileRef = BDCF93C224104B20A8E87A27 /* SFProDisplay-Semibold.otf */; };
		AC0D9E2D3C59405E9F94A734 /* SFProDisplay-Thin.otf in Resources */ = {isa = PBXBuildFile; fileRef = 70FA6DB960AF4E4484BCEB45 /* SFProDisplay-Thin.otf */; };
		F3543A07489D4AE7A834A39F /* SFProDisplay-Ultralight.otf in Resources */ = {isa = PBXBuildFile; fileRef = 700DA8E050094104B6206A9F /* SFProDisplay-Ultralight.otf */; };
		650F44C255E04E0B98FFE856 /* Geist-Black.ttf in Resources */ = {isa = PBXBuildFile; fileRef = EFC8DED085A24150B8C373CF /* Geist-Black.ttf */; };
		DD3EAC4DBEF84EBEBCB0EDE2 /* Geist-Bold.ttf in Resources */ = {isa = PBXBuildFile; fileRef = E2BBA0582323428586C5480F /* Geist-Bold.ttf */; };
		9030BB4B770A45F0882D458E /* Geist-ExtraBold.ttf in Resources */ = {isa = PBXBuildFile; fileRef = D48E9D5FCDD04052ABBFFB29 /* Geist-ExtraBold.ttf */; };
		070700FB9088407CB34A32C8 /* Geist-ExtraLight.ttf in Resources */ = {isa = PBXBuildFile; fileRef = C4CCA952EF7B419D858ADCEB /* Geist-ExtraLight.ttf */; };
		7E3E6FE6CBDA4139B210CEFF /* Geist-Light.ttf in Resources */ = {isa = PBXBuildFile; fileRef = 4D60B6543075479C8A4AFE12 /* Geist-Light.ttf */; };
		0501AB3F288D48A1855AB1CB /* Geist-Medium.ttf in Resources */ = {isa = PBXBuildFile; fileRef = 809518A623FE4B63B9D09CD4 /* Geist-Medium.ttf */; };
		CA89032266534E42BB5A7D9C /* Geist-Regular.ttf in Resources */ = {isa = PBXBuildFile; fileRef = A6141B46BAAD422A85442E08 /* Geist-Regular.ttf */; };
		672126D6B7EA498585E84F8C /* Geist-SemiBold.ttf in Resources */ = {isa = PBXBuildFile; fileRef = 42C00BA043D64EA19FD704E4 /* Geist-SemiBold.ttf */; };
		3E61684D88C143228BCFDF5C /* Geist-Thin.ttf in Resources */ = {isa = PBXBuildFile; fileRef = D660F16839E1459581339B3C /* Geist-Thin.ttf */; };
/* End PBXBuildFile section */

/* Begin PBXFileReference section */
		13B07F961A680F5B00A75B9A /* cityclubapp.app */ = {isa = PBXFileReference; explicitFileType = wrapper.application; includeInIndex = 0; path = cityclubapp.app; sourceTree = BUILT_PRODUCTS_DIR; };
		13B07FB51A68108700A75B9A /* Images.xcassets */ = {isa = PBXFileReference; lastKnownFileType = folder.assetcatalog; name = Images.xcassets; path = cityclubapp/Images.xcassets; sourceTree = "<group>"; };
		13B07FB61A68108700A75B9A /* Info.plist */ = {isa = PBXFileReference; fileEncoding = 4; lastKnownFileType = text.plist.xml; name = Info.plist; path = cityclubapp/Info.plist; sourceTree = "<group>"; };
		13B07FB81A68108700A75B9A /* PrivacyInfo.xcprivacy */ = {isa = PBXFileReference; fileEncoding = 4; lastKnownFileType = text.plist.xml; name = PrivacyInfo.xcprivacy; path = cityclubapp/PrivacyInfo.xcprivacy; sourceTree = "<group>"; };
		3B4392A12AC88292D35C810B /* Pods-cityclubapp.debug.xcconfig */ = {isa = PBXFileReference; includeInIndex = 1; lastKnownFileType = text.xcconfig; name = "Pods-cityclubapp.debug.xcconfig"; path = "Target Support Files/Pods-cityclubapp/Pods-cityclubapp.debug.xcconfig"; sourceTree = "<group>"; };
		5709B34CF0A7D63546082F79 /* Pods-cityclubapp.release.xcconfig */ = {isa = PBXFileReference; includeInIndex = 1; lastKnownFileType = text.xcconfig; name = "Pods-cityclubapp.release.xcconfig"; path = "Target Support Files/Pods-cityclubapp/Pods-cityclubapp.release.xcconfig"; sourceTree = "<group>"; };
		5DCACB8F33CDC322A6C60F78 /* libPods-cityclubapp.a */ = {isa = PBXFileReference; explicitFileType = archive.ar; includeInIndex = 0; path = "libPods-cityclubapp.a"; sourceTree = BUILT_PRODUCTS_DIR; };
		761780EC2CA45674006654EE /* AppDelegate.swift */ = {isa = PBXFileReference; lastKnownFileType = sourcecode.swift; name = AppDelegate.swift; path = cityclubapp/AppDelegate.swift; sourceTree = "<group>"; };
		81AB9BB72411601600AC10FF /* LaunchScreen.storyboard */ = {isa = PBXFileReference; fileEncoding = 4; lastKnownFileType = file.storyboard; name = LaunchScreen.storyboard; path = cityclubapp/LaunchScreen.storyboard; sourceTree = "<group>"; };
		ED297162215061F000B7C4FE /* JavaScriptCore.framework */ = {isa = PBXFileReference; lastKnownFileType = wrapper.framework; name = JavaScriptCore.framework; path = System/Library/Frameworks/JavaScriptCore.framework; sourceTree = SDKROOT; };
		9952037B86B846D9869A7DB6 /* SFProDisplay-Black.otf */ = {isa = PBXFileReference; name = "SFProDisplay-Black.otf"; path = "../src/assets/fonts/SFProDisplay-Black.otf"; sourceTree = "<group>"; fileEncoding = undefined; lastKnownFileType = unknown; explicitFileType = undefined; includeInIndex = 0; };
		63D9175B02484AF3B02AC9AB /* SFProDisplay-Bold.otf */ = {isa = PBXFileReference; name = "SFProDisplay-Bold.otf"; path = "../src/assets/fonts/SFProDisplay-Bold.otf"; sourceTree = "<group>"; fileEncoding = undefined; lastKnownFileType = unknown; explicitFileType = undefined; includeInIndex = 0; };
		39E8C8A8FF864A5FBCD37B6D /* SFProDisplay-BoldItalic.otf */ = {isa = PBXFileReference; name = "SFProDisplay-BoldItalic.otf"; path = "../src/assets/fonts/SFProDisplay-BoldItalic.otf"; sourceTree = "<group>"; fileEncoding = undefined; lastKnownFileType = unknown; explicitFileType = undefined; includeInIndex = 0; };
		A1F6E375087F4E6890874BC8 /* SFProDisplay-Heavy.otf */ = {isa = PBXFileReference; name = "SFProDisplay-Heavy.otf"; path = "../src/assets/fonts/SFProDisplay-Heavy.otf"; sourceTree = "<group>"; fileEncoding = undefined; lastKnownFileType = unknown; explicitFileType = undefined; includeInIndex = 0; };
		89949C856A4E47E496C1C5AE /* SFProDisplay-Italic.otf */ = {isa = PBXFileReference; name = "SFProDisplay-Italic.otf"; path = "../src/assets/fonts/SFProDisplay-Italic.otf"; sourceTree = "<group>"; fileEncoding = undefined; lastKnownFileType = unknown; explicitFileType = undefined; includeInIndex = 0; };
		0FBB3F2405074C7180F544DF /* SFProDisplay-Light.otf */ = {isa = PBXFileReference; name = "SFProDisplay-Light.otf"; path = "../src/assets/fonts/SFProDisplay-Light.otf"; sourceTree = "<group>"; fileEncoding = undefined; lastKnownFileType = unknown; explicitFileType = undefined; includeInIndex = 0; };
		F2FF314B735F49F0ABD68E48 /* SFProDisplay-Medium.otf */ = {isa = PBXFileReference; name = "SFProDisplay-Medium.otf"; path = "../src/assets/fonts/SFProDisplay-Medium.otf"; sourceTree = "<group>"; fileEncoding = undefined; lastKnownFileType = unknown; explicitFileType = undefined; includeInIndex = 0; };
		BB9A39A3916A4E9880327357 /* SFProDisplay-Regular.otf */ = {isa = PBXFileReference; name = "SFProDisplay-Regular.otf"; path = "../src/assets/fonts/SFProDisplay-Regular.otf"; sourceTree = "<group>"; fileEncoding = undefined; lastKnownFileType = unknown; explicitFileType = undefined; includeInIndex = 0; };
		BDCF93C224104B20A8E87A27 /* SFProDisplay-Semibold.otf */ = {isa = PBXFileReference; name = "SFProDisplay-Semibold.otf"; path = "../src/assets/fonts/SFProDisplay-Semibold.otf"; sourceTree = "<group>"; fileEncoding = undefined; lastKnownFileType = unknown; explicitFileType = undefined; includeInIndex = 0; };
		70FA6DB960AF4E4484BCEB45 /* SFProDisplay-Thin.otf */ = {isa = PBXFileReference; name = "SFProDisplay-Thin.otf"; path = "../src/assets/fonts/SFProDisplay-Thin.otf"; sourceTree = "<group>"; fileEncoding = undefined; lastKnownFileType = unknown; explicitFileType = undefined; includeInIndex = 0; };
		700DA8E050094104B6206A9F /* SFProDisplay-Ultralight.otf */ = {isa = PBXFileReference; name = "SFProDisplay-Ultralight.otf"; path = "../src/assets/fonts/SFProDisplay-Ultralight.otf"; sourceTree = "<group>"; fileEncoding = undefined; lastKnownFileType = unknown; explicitFileType = undefined; includeInIndex = 0; };
		EFC8DED085A24150B8C373CF /* Geist-Black.ttf */ = {isa = PBXFileReference; name = "Geist-Black.ttf"; path = "../src/assets/fonts/Geist-Black.ttf"; sourceTree = "<group>"; fileEncoding = undefined; lastKnownFileType = unknown; explicitFileType = undefined; includeInIndex = 0; };
		E2BBA0582323428586C5480F /* Geist-Bold.ttf */ = {isa = PBXFileReference; name = "Geist-Bold.ttf"; path = "../src/assets/fonts/Geist-Bold.ttf"; sourceTree = "<group>"; fileEncoding = undefined; lastKnownFileType = unknown; explicitFileType = undefined; includeInIndex = 0; };
		D48E9D5FCDD04052ABBFFB29 /* Geist-ExtraBold.ttf */ = {isa = PBXFileReference; name = "Geist-ExtraBold.ttf"; path = "../src/assets/fonts/Geist-ExtraBold.ttf"; sourceTree = "<group>"; fileEncoding = undefined; lastKnownFileType = unknown; explicitFileType = undefined; includeInIndex = 0; };
		C4CCA952EF7B419D858ADCEB /* Geist-ExtraLight.ttf */ = {isa = PBXFileReference; name = "Geist-ExtraLight.ttf"; path = "../src/assets/fonts/Geist-ExtraLight.ttf"; sourceTree = "<group>"; fileEncoding = undefined; lastKnownFileType = unknown; explicitFileType = undefined; includeInIndex = 0; };
		4D60B6543075479C8A4AFE12 /* Geist-Light.ttf */ = {isa = PBXFileReference; name = "Geist-Light.ttf"; path = "../src/assets/fonts/Geist-Light.ttf"; sourceTree = "<group>"; fileEncoding = undefined; lastKnownFileType = unknown; explicitFileType = undefined; includeInIndex = 0; };
		809518A623FE4B63B9D09CD4 /* Geist-Medium.ttf */ = {isa = PBXFileReference; name = "Geist-Medium.ttf"; path = "../src/assets/fonts/Geist-Medium.ttf"; sourceTree = "<group>"; fileEncoding = undefined; lastKnownFileType = unknown; explicitFileType = undefined; includeInIndex = 0; };
		A6141B46BAAD422A85442E08 /* Geist-Regular.ttf */ = {isa = PBXFileReference; name = "Geist-Regular.ttf"; path = "../src/assets/fonts/Geist-Regular.ttf"; sourceTree = "<group>"; fileEncoding = undefined; lastKnownFileType = unknown; explicitFileType = undefined; includeInIndex = 0; };
		42C00BA043D64EA19FD704E4 /* Geist-SemiBold.ttf */ = {isa = PBXFileReference; name = "Geist-SemiBold.ttf"; path = "../src/assets/fonts/Geist-SemiBold.ttf"; sourceTree = "<group>"; fileEncoding = undefined; lastKnownFileType = unknown; explicitFileType = undefined; includeInIndex = 0; };
		D660F16839E1459581339B3C /* Geist-Thin.ttf */ = {isa = PBXFileReference; name = "Geist-Thin.ttf"; path = "../src/assets/fonts/Geist-Thin.ttf"; sourceTree = "<group>"; fileEncoding = undefined; lastKnownFileType = unknown; explicitFileType = undefined; includeInIndex = 0; };
/* End PBXFileReference section */

/* Begin PBXFrameworksBuildPhase section */
		13B07F8C1A680F5B00A75B9A /* Frameworks */ = {
			isa = PBXFrameworksBuildPhase;
			buildActionMask = 2147483647;
			files = (
				0C80B921A6F3F58F76C31292 /* libPods-cityclubapp.a in Frameworks */,
			);
			runOnlyForDeploymentPostprocessing = 0;
		};
/* End PBXFrameworksBuildPhase section */

/* Begin PBXGroup section */
		13B07FAE1A68108700A75B9A /* cityclubapp */ = {
			isa = PBXGroup;
			children = (
				13B07FB51A68108700A75B9A /* Images.xcassets */,
				761780EC2CA45674006654EE /* AppDelegate.swift */,
				13B07FB61A68108700A75B9A /* Info.plist */,
				81AB9BB72411601600AC10FF /* LaunchScreen.storyboard */,
				13B07FB81A68108700A75B9A /* PrivacyInfo.xcprivacy */,
			);
			name = cityclubapp;
			sourceTree = "<group>";
		};
		2D16E6871FA4F8E400B85C8A /* Frameworks */ = {
			isa = PBXGroup;
			children = (
				ED297162215061F000B7C4FE /* JavaScriptCore.framework */,
				5DCACB8F33CDC322A6C60F78 /* libPods-cityclubapp.a */,
			);
			name = Frameworks;
			sourceTree = "<group>";
		};
		832341AE1AAA6A7D00B99B32 /* Libraries */ = {
			isa = PBXGroup;
			children = (
			);
			name = Libraries;
			sourceTree = "<group>";
		};
		83CBB9F61A601CBA00E9B192 = {
			isa = PBXGroup;
			children = (
				13B07FAE1A68108700A75B9A /* cityclubapp */,
				832341AE1AAA6A7D00B99B32 /* Libraries */,
				83CBBA001A601CBA00E9B192 /* Products */,
				2D16E6871FA4F8E400B85C8A /* Frameworks */,
				BBD78D7AC51CEA395F1C20DB /* Pods */,
				7999C6483EDA4EF7BE518385 /* Resources */,
			);
			indentWidth = 2;
			sourceTree = "<group>";
			tabWidth = 2;
			usesTabs = 0;
		};
		83CBBA001A601CBA00E9B192 /* Products */ = {
			isa = PBXGroup;
			children = (
				13B07F961A680F5B00A75B9A /* cityclubapp.app */,
			);
			name = Products;
			sourceTree = "<group>";
		};
		BBD78D7AC51CEA395F1C20DB /* Pods */ = {
			isa = PBXGroup;
			children = (
				3B4392A12AC88292D35C810B /* Pods-cityclubapp.debug.xcconfig */,
				5709B34CF0A7D63546082F79 /* Pods-cityclubapp.release.xcconfig */,
			);
			path = Pods;
			sourceTree = "<group>";
		};
		7999C6483EDA4EF7BE518385 /* Resources */ = {
			isa = "PBXGroup";
			children = (
				9952037B86B846D9869A7DB6 /* SFProDisplay-Black.otf */,
				63D9175B02484AF3B02AC9AB /* SFProDisplay-Bold.otf */,
				39E8C8A8FF864A5FBCD37B6D /* SFProDisplay-BoldItalic.otf */,
				A1F6E375087F4E6890874BC8 /* SFProDisplay-Heavy.otf */,
				89949C856A4E47E496C1C5AE /* SFProDisplay-Italic.otf */,
				0FBB3F2405074C7180F544DF /* SFProDisplay-Light.otf */,
				F2FF314B735F49F0ABD68E48 /* SFProDisplay-Medium.otf */,
				BB9A39A3916A4E9880327357 /* SFProDisplay-Regular.otf */,
				BDCF93C224104B20A8E87A27 /* SFProDisplay-Semibold.otf */,
				70FA6DB960AF4E4484BCEB45 /* SFProDisplay-Thin.otf */,
				700DA8E050094104B6206A9F /* SFProDisplay-Ultralight.otf */,
				EFC8DED085A24150B8C373CF /* Geist-Black.ttf */,
				E2BBA0582323428586C5480F /* Geist-Bold.ttf */,
				D48E9D5FCDD04052ABBFFB29 /* Geist-ExtraBold.ttf */,
				C4CCA952EF7B419D858ADCEB /* Geist-ExtraLight.ttf */,
				4D60B6543075479C8A4AFE12 /* Geist-Light.ttf */,
				809518A623FE4B63B9D09CD4 /* Geist-Medium.ttf */,
				A6141B46BAAD422A85442E08 /* Geist-Regular.ttf */,
				42C00BA043D64EA19FD704E4 /* Geist-SemiBold.ttf */,
				D660F16839E1459581339B3C /* Geist-Thin.ttf */,
			);
			name = Resources;
			sourceTree = "<group>";
			path = "";
		};
/* End PBXGroup section */

/* Begin PBXNativeTarget section */
		13B07F861A680F5B00A75B9A /* cityclubapp */ = {
			isa = PBXNativeTarget;
			buildConfigurationList = 13B07F931A680F5B00A75B9A /* Build configuration list for PBXNativeTarget "cityclubapp" */;
			buildPhases = (
				C38B50BA6285516D6DCD4F65 /* [CP] Check Pods Manifest.lock */,
				13B07F871A680F5B00A75B9A /* Sources */,
				13B07F8C1A680F5B00A75B9A /* Frameworks */,
				13B07F8E1A680F5B00A75B9A /* Resources */,
				00DD1BFF1BD5951E006B06BC /* Bundle React Native code and images */,
				00EEFC60759A1932668264C0 /* [CP] Embed Pods Frameworks */,
				E235C05ADACE081382539298 /* [CP] Copy Pods Resources */,
			);
			buildRules = (
			);
			dependencies = (
			);
			name = cityclubapp;
			productName = cityclubapp;
			productReference = 13B07F961A680F5B00A75B9A /* cityclubapp.app */;
			productType = "com.apple.product-type.application";
		};
/* End PBXNativeTarget section */

/* Begin PBXProject section */
		83CBB9F71A601CBA00E9B192 /* Project object */ = {
			isa = PBXProject;
			attributes = {
				LastUpgradeCheck = 1210;
				TargetAttributes = {
					13B07F861A680F5B00A75B9A = {
						LastSwiftMigration = 1120;
					};
				};
			};
			buildConfigurationList = 83CBB9FA1A601CBA00E9B192 /* Build configuration list for PBXProject "cityclubapp" */;
			compatibilityVersion = "Xcode 12.0";
			developmentRegion = en;
			hasScannedForEncodings = 0;
			knownRegions = (
				en,
				Base,
			);
			mainGroup = 83CBB9F61A601CBA00E9B192;
			productRefGroup = 83CBBA001A601CBA00E9B192 /* Products */;
			projectDirPath = "";
			projectRoot = "";
			targets = (
				13B07F861A680F5B00A75B9A /* cityclubapp */,
			);
		};
/* End PBXProject section */

/* Begin PBXResourcesBuildPhase section */
		13B07F8E1A680F5B00A75B9A /* Resources */ = {
			isa = PBXResourcesBuildPhase;
			buildActionMask = 2147483647;
			files = (
				81AB9BB82411601600AC10FF /* LaunchScreen.storyboard in Resources */,
				13B07FBF1A68108700A75B9A /* Images.xcassets in Resources */,
				23F9141D4CC74BF1B85682E6 /* SFProDisplay-Black.otf in Resources */,
				1EBED4ACD0EC4983A746F408 /* SFProDisplay-Bold.otf in Resources */,
				3590AA9080434526A6B82F34 /* SFProDisplay-BoldItalic.otf in Resources */,
				6EF6CD13C52043E0AA98052F /* SFProDisplay-Heavy.otf in Resources */,
				417C815E38B34D419BBA1022 /* SFProDisplay-Italic.otf in Resources */,
				A59AB5A38BFC4B25AEC52D6F /* SFProDisplay-Light.otf in Resources */,
				8221FA578231474AA691B2EC /* SFProDisplay-Medium.otf in Resources */,
				6BD0858DDD6B4D40A6F7C067 /* SFProDisplay-Regular.otf in Resources */,
				8D07DB094AF74040A2687726 /* SFProDisplay-Semibold.otf in Resources */,
				AC0D9E2D3C59405E9F94A734 /* SFProDisplay-Thin.otf in Resources */,
				F3543A07489D4AE7A834A39F /* SFProDisplay-Ultralight.otf in Resources */,
				650F44C255E04E0B98FFE856 /* Geist-Black.ttf in Resources */,
				DD3EAC4DBEF84EBEBCB0EDE2 /* Geist-Bold.ttf in Resources */,
				9030BB4B770A45F0882D458E /* Geist-ExtraBold.ttf in Resources */,
				070700FB9088407CB34A32C8 /* Geist-ExtraLight.ttf in Resources */,
				7E3E6FE6CBDA4139B210CEFF /* Geist-Light.ttf in Resources */,
				0501AB3F288D48A1855AB1CB /* Geist-Medium.ttf in Resources */,
				CA89032266534E42BB5A7D9C /* Geist-Regular.ttf in Resources */,
				672126D6B7EA498585E84F8C /* Geist-SemiBold.ttf in Resources */,
				3E61684D88C143228BCFDF5C /* Geist-Thin.ttf in Resources */,
			);
			runOnlyForDeploymentPostprocessing = 0;
		};
/* End PBXResourcesBuildPhase section */

/* Begin PBXShellScriptBuildPhase section */
		00DD1BFF1BD5951E006B06BC /* Bundle React Native code and images */ = {
			isa = PBXShellScriptBuildPhase;
			buildActionMask = 2147483647;
			files = (
			);
			inputPaths = (
				"$(SRCROOT)/.xcode.env.local",
				"$(SRCROOT)/.xcode.env",
			);
			name = "Bundle React Native code and images";
			outputPaths = (
			);
			runOnlyForDeploymentPostprocessing = 0;
			shellPath = /bin/sh;
			shellScript = "set -e\n\nWITH_ENVIRONMENT=\"$REACT_NATIVE_PATH/scripts/xcode/with-environment.sh\"\nREACT_NATIVE_XCODE=\"$REACT_NATIVE_PATH/scripts/react-native-xcode.sh\"\n\n/bin/sh -c \"\\\"$WITH_ENVIRONMENT\\\" \\\"$REACT_NATIVE_XCODE\\\"\"\n";
		};
		00EEFC60759A1932668264C0 /* [CP] Embed Pods Frameworks */ = {
			isa = PBXShellScriptBuildPhase;
			buildActionMask = 2147483647;
			files = (
			);
			inputFileListPaths = (
				"${PODS_ROOT}/Target Support Files/Pods-cityclubapp/Pods-cityclubapp-frameworks-${CONFIGURATION}-input-files.xcfilelist",
			);
			name = "[CP] Embed Pods Frameworks";
			outputFileListPaths = (
				"${PODS_ROOT}/Target Support Files/Pods-cityclubapp/Pods-cityclubapp-frameworks-${CONFIGURATION}-output-files.xcfilelist",
			);
			runOnlyForDeploymentPostprocessing = 0;
			shellPath = /bin/sh;
			shellScript = "\"${PODS_ROOT}/Target Support Files/Pods-cityclubapp/Pods-cityclubapp-frameworks.sh\"\n";
			showEnvVarsInLog = 0;
		};
		C38B50BA6285516D6DCD4F65 /* [CP] Check Pods Manifest.lock */ = {
			isa = PBXShellScriptBuildPhase;
			buildActionMask = 2147483647;
			files = (
			);
			inputFileListPaths = (
			);
			inputPaths = (
				"${PODS_PODFILE_DIR_PATH}/Podfile.lock",
				"${PODS_ROOT}/Manifest.lock",
			);
			name = "[CP] Check Pods Manifest.lock";
			outputFileListPaths = (
			);
			outputPaths = (
				"$(DERIVED_FILE_DIR)/Pods-cityclubapp-checkManifestLockResult.txt",
			);
			runOnlyForDeploymentPostprocessing = 0;
			shellPath = /bin/sh;
			shellScript = "diff \"${PODS_PODFILE_DIR_PATH}/Podfile.lock\" \"${PODS_ROOT}/Manifest.lock\" > /dev/null\nif [ $? != 0 ] ; then\n    # print error to STDERR\n    echo \"error: The sandbox is not in sync with the Podfile.lock. Run 'pod install' or update your CocoaPods installation.\" >&2\n    exit 1\nfi\n# This output is used by Xcode 'outputs' to avoid re-running this script phase.\necho \"SUCCESS\" > \"${SCRIPT_OUTPUT_FILE_0}\"\n";
			showEnvVarsInLog = 0;
		};
		E235C05ADACE081382539298 /* [CP] Copy Pods Resources */ = {
			isa = PBXShellScriptBuildPhase;
			buildActionMask = 2147483647;
			files = (
			);
			inputFileListPaths = (
				"${PODS_ROOT}/Target Support Files/Pods-cityclubapp/Pods-cityclubapp-resources-${CONFIGURATION}-input-files.xcfilelist",
			);
			name = "[CP] Copy Pods Resources";
			outputFileListPaths = (
				"${PODS_ROOT}/Target Support Files/Pods-cityclubapp/Pods-cityclubapp-resources-${CONFIGURATION}-output-files.xcfilelist",
			);
			runOnlyForDeploymentPostprocessing = 0;
			shellPath = /bin/sh;
			shellScript = "\"${PODS_ROOT}/Target Support Files/Pods-cityclubapp/Pods-cityclubapp-resources.sh\"\n";
			showEnvVarsInLog = 0;
		};
/* End PBXShellScriptBuildPhase section */

/* Begin PBXSourcesBuildPhase section */
		13B07F871A680F5B00A75B9A /* Sources */ = {
			isa = PBXSourcesBuildPhase;
			buildActionMask = 2147483647;
			files = (
				761780ED2CA45674006654EE /* AppDelegate.swift in Sources */,
			);
			runOnlyForDeploymentPostprocessing = 0;
		};
/* End PBXSourcesBuildPhase section */

/* Begin XCBuildConfiguration section */
		13B07F941A680F5B00A75B9A /* Debug */ = {
			isa = XCBuildConfiguration;
			baseConfigurationReference = 3B4392A12AC88292D35C810B /* Pods-cityclubapp.debug.xcconfig */;
			buildSettings = {
				ASSETCATALOG_COMPILER_APPICON_NAME = AppIcon;
				CLANG_ENABLE_MODULES = YES;
				CURRENT_PROJECT_VERSION = 1;
				ENABLE_BITCODE = NO;
				INFOPLIST_FILE = cityclubapp/Info.plist;
				IPHONEOS_DEPLOYMENT_TARGET = 15.1;
				LD_RUNPATH_SEARCH_PATHS = (
					"$(inherited)",
					"@executable_path/Frameworks",
				);
				MARKETING_VERSION = 1.0;
				OTHER_LDFLAGS = (
					"$(inherited)",
					"-ObjC",
					"-lc++",
				);
				PRODUCT_BUNDLE_IDENTIFIER = "org.reactjs.native.example.$(PRODUCT_NAME:rfc1034identifier)";
				PRODUCT_NAME = cityclubapp;
				SWIFT_OPTIMIZATION_LEVEL = "-Onone";
				SWIFT_VERSION = 5.0;
				VERSIONING_SYSTEM = "apple-generic";
			};
			name = Debug;
		};
		13B07F951A680F5B00A75B9A /* Release */ = {
			isa = XCBuildConfiguration;
			baseConfigurationReference = 5709B34CF0A7D63546082F79 /* Pods-cityclubapp.release.xcconfig */;
			buildSettings = {
				ASSETCATALOG_COMPILER_APPICON_NAME = AppIcon;
				CLANG_ENABLE_MODULES = YES;
				CURRENT_PROJECT_VERSION = 1;
				INFOPLIST_FILE = cityclubapp/Info.plist;
				IPHONEOS_DEPLOYMENT_TARGET = 15.1;
				LD_RUNPATH_SEARCH_PATHS = (
					"$(inherited)",
					"@executable_path/Frameworks",
				);
				MARKETING_VERSION = 1.0;
				OTHER_LDFLAGS = (
					"$(inherited)",
					"-ObjC",
					"-lc++",
				);
				PRODUCT_BUNDLE_IDENTIFIER = "org.reactjs.native.example.$(PRODUCT_NAME:rfc1034identifier)";
				PRODUCT_NAME = cityclubapp;
				SWIFT_VERSION = 5.0;
				VERSIONING_SYSTEM = "apple-generic";
			};
			name = Release;
		};
		83CBBA201A601CBA00E9B192 /* Debug */ = {
			isa = XCBuildConfiguration;
			buildSettings = {
				ALWAYS_SEARCH_USER_PATHS = NO;
				CLANG_ANALYZER_LOCALIZABILITY_NONLOCALIZED = YES;
				CLANG_CXX_LANGUAGE_STANDARD = "c++20";
				CLANG_CXX_LIBRARY = "libc++";
				CLANG_ENABLE_MODULES = YES;
				CLANG_ENABLE_OBJC_ARC = YES;
				CLANG_WARN_BLOCK_CAPTURE_AUTORELEASING = YES;
				CLANG_WARN_BOOL_CONVERSION = YES;
				CLANG_WARN_COMMA = YES;
				CLANG_WARN_CONSTANT_CONVERSION = YES;
				CLANG_WARN_DEPRECATED_OBJC_IMPLEMENTATIONS = YES;
				CLANG_WARN_DIRECT_OBJC_ISA_USAGE = YES_ERROR;
				CLANG_WARN_EMPTY_BODY = YES;
				CLANG_WARN_ENUM_CONVERSION = YES;
				CLANG_WARN_INFINITE_RECURSION = YES;
				CLANG_WARN_INT_CONVERSION = YES;
				CLANG_WARN_NON_LITERAL_NULL_CONVERSION = YES;
				CLANG_WARN_OBJC_IMPLICIT_RETAIN_SELF = YES;
				CLANG_WARN_OBJC_LITERAL_CONVERSION = YES;
				CLANG_WARN_OBJC_ROOT_CLASS = YES_ERROR;
				CLANG_WARN_QUOTED_INCLUDE_IN_FRAMEWORK_HEADER = YES;
				CLANG_WARN_RANGE_LOOP_ANALYSIS = YES;
				CLANG_WARN_STRICT_PROTOTYPES = YES;
				CLANG_WARN_SUSPICIOUS_MOVE = YES;
				CLANG_WARN_UNREACHABLE_CODE = YES;
				CLANG_WARN__DUPLICATE_METHOD_MATCH = YES;
				"CODE_SIGN_IDENTITY[sdk=iphoneos*]" = "iPhone Developer";
				COPY_PHASE_STRIP = NO;
				ENABLE_STRICT_OBJC_MSGSEND = YES;
				ENABLE_TESTABILITY = YES;
				"EXCLUDED_ARCHS[sdk=iphonesimulator*]" = "";
				GCC_C_LANGUAGE_STANDARD = gnu99;
				GCC_DYNAMIC_NO_PIC = NO;
				GCC_NO_COMMON_BLOCKS = YES;
				GCC_OPTIMIZATION_LEVEL = 0;
				GCC_PREPROCESSOR_DEFINITIONS = (
					"DEBUG=1",
					"$(inherited)",
				);
				GCC_SYMBOLS_PRIVATE_EXTERN = NO;
				GCC_WARN_64_TO_32_BIT_CONVERSION = YES;
				GCC_WARN_ABOUT_RETURN_TYPE = YES_ERROR;
				GCC_WARN_UNDECLARED_SELECTOR = YES;
				GCC_WARN_UNINITIALIZED_AUTOS = YES_AGGRESSIVE;
				GCC_WARN_UNUSED_FUNCTION = YES;
				GCC_WARN_UNUSED_VARIABLE = YES;
				IPHONEOS_DEPLOYMENT_TARGET = 15.1;
				LD_RUNPATH_SEARCH_PATHS = (
					/usr/lib/swift,
					"$(inherited)",
				);
				LIBRARY_SEARCH_PATHS = (
					"\"$(SDKROOT)/usr/lib/swift\"",
					"\"$(TOOLCHAIN_DIR)/usr/lib/swift/$(PLATFORM_NAME)\"",
					"\"$(inherited)\"",
				);
				MTL_ENABLE_DEBUG_INFO = YES;
				ONLY_ACTIVE_ARCH = YES;
				OTHER_CPLUSPLUSFLAGS = (
					"$(OTHER_CFLAGS)",
					"-DFOLLY_NO_CONFIG",
					"-DFOLLY_MOBILE=1",
					"-DFOLLY_USE_LIBCPP=1",
					"-DFOLLY_CFG_NO_COROUTINES=1",
					"-DFOLLY_HAVE_CLOCK_GETTIME=1",
				);
				SDKROOT = iphoneos;
			};
			name = Debug;
		};
		83CBBA211A601CBA00E9B192 /* Release */ = {
			isa = XCBuildConfiguration;
			buildSettings = {
				ALWAYS_SEARCH_USER_PATHS = NO;
				CLANG_ANALYZER_LOCALIZABILITY_NONLOCALIZED = YES;
				CLANG_CXX_LANGUAGE_STANDARD = "c++20";
				CLANG_CXX_LIBRARY = "libc++";
				CLANG_ENABLE_MODULES = YES;
				CLANG_ENABLE_OBJC_ARC = YES;
				CLANG_WARN_BLOCK_CAPTURE_AUTORELEASING = YES;
				CLANG_WARN_BOOL_CONVERSION = YES;
				CLANG_WARN_COMMA = YES;
				CLANG_WARN_CONSTANT_CONVERSION = YES;
				CLANG_WARN_DEPRECATED_OBJC_IMPLEMENTATIONS = YES;
				CLANG_WARN_DIRECT_OBJC_ISA_USAGE = YES_ERROR;
				CLANG_WARN_EMPTY_BODY = YES;
				CLANG_WARN_ENUM_CONVERSION = YES;
				CLANG_WARN_INFINITE_RECURSION = YES;
				CLANG_WARN_INT_CONVERSION = YES;
				CLANG_WARN_NON_LITERAL_NULL_CONVERSION = YES;
				CLANG_WARN_OBJC_IMPLICIT_RETAIN_SELF = YES;
				CLANG_WARN_OBJC_LITERAL_CONVERSION = YES;
				CLANG_WARN_OBJC_ROOT_CLASS = YES_ERROR;
				CLANG_WARN_QUOTED_INCLUDE_IN_FRAMEWORK_HEADER = YES;
				CLANG_WARN_RANGE_LOOP_ANALYSIS = YES;
				CLANG_WARN_STRICT_PROTOTYPES = YES;
				CLANG_WARN_SUSPICIOUS_MOVE = YES;
				CLANG_WARN_UNREACHABLE_CODE = YES;
				CLANG_WARN__DUPLICATE_METHOD_MATCH = YES;
				"CODE_SIGN_IDENTITY[sdk=iphoneos*]" = "iPhone Developer";
				COPY_PHASE_STRIP = YES;
				ENABLE_NS_ASSERTIONS = NO;
				ENABLE_STRICT_OBJC_MSGSEND = YES;
				"EXCLUDED_ARCHS[sdk=iphonesimulator*]" = "";
				GCC_C_LANGUAGE_STANDARD = gnu99;
				GCC_NO_COMMON_BLOCKS = YES;
				GCC_WARN_64_TO_32_BIT_CONVERSION = YES;
				GCC_WARN_ABOUT_RETURN_TYPE = YES_ERROR;
				GCC_WARN_UNDECLARED_SELECTOR = YES;
				GCC_WARN_UNINITIALIZED_AUTOS = YES_AGGRESSIVE;
				GCC_WARN_UNUSED_FUNCTION = YES;
				GCC_WARN_UNUSED_VARIABLE = YES;
				IPHONEOS_DEPLOYMENT_TARGET = 15.1;
				LD_RUNPATH_SEARCH_PATHS = (
					/usr/lib/swift,
					"$(inherited)",
				);
				LIBRARY_SEARCH_PATHS = (
					"\"$(SDKROOT)/usr/lib/swift\"",
					"\"$(TOOLCHAIN_DIR)/usr/lib/swift/$(PLATFORM_NAME)\"",
					"\"$(inherited)\"",
				);
				MTL_ENABLE_DEBUG_INFO = NO;
				OTHER_CPLUSPLUSFLAGS = (
					"$(OTHER_CFLAGS)",
					"-DFOLLY_NO_CONFIG",
					"-DFOLLY_MOBILE=1",
					"-DFOLLY_USE_LIBCPP=1",
					"-DFOLLY_CFG_NO_COROUTINES=1",
					"-DFOLLY_HAVE_CLOCK_GETTIME=1",
				);
				SDKROOT = iphoneos;
				VALIDATE_PRODUCT = YES;
			};
			name = Release;
		};
/* End XCBuildConfiguration section */

/* Begin XCConfigurationList section */
		13B07F931A680F5B00A75B9A /* Build configuration list for PBXNativeTarget "cityclubapp" */ = {
			isa = XCConfigurationList;
			buildConfigurations = (
				13B07F941A680F5B00A75B9A /* Debug */,
				13B07F951A680F5B00A75B9A /* Release */,
			);
			defaultConfigurationIsVisible = 0;
			defaultConfigurationName = Release;
		};
		83CBB9FA1A601CBA00E9B192 /* Build configuration list for PBXProject "cityclubapp" */ = {
			isa = XCConfigurationList;
			buildConfigurations = (
				83CBBA201A601CBA00E9B192 /* Debug */,
				83CBBA211A601CBA00E9B192 /* Release */,
			);
			defaultConfigurationIsVisible = 0;
			defaultConfigurationName = Release;
		};
/* End XCConfigurationList section */
	};
	rootObject = 83CBB9F71A601CBA00E9B192 /* Project object */;
}
